
Microsoft Visual Studio Solution File, Format Version 12.00
# Visual Studio Version 17
VisualStudioVersion = 17.4.33213.308
MinimumVisualStudioVersion = 10.0.40219.1
Project("{FAE04EC0-301F-11D3-BF4B-00C04F79EFBC}") = "Ahmed Sayed Final Project", "Ahmed Sayed Final Project\Ahmed Sayed Final Project.csproj", "{4A8AFEF0-0D49-43C1-B907-08D54CB42A73}"
EndProject
Global
	GlobalSection(SolutionConfigurationPlatforms) = preSolution
		Debug|Any CPU = Debug|Any CPU
		Release|Any CPU = Release|Any CPU
	EndGlobalSection
	GlobalSection(ProjectConfigurationPlatforms) = postSolution
		{4A8AFEF0-0D49-43C1-B907-08D54CB42A73}.Debug|Any CPU.ActiveCfg = Debug|Any CPU
		{4A8AFEF0-0D49-43C1-B907-08D54CB42A73}.Debug|Any CPU.Build.0 = Debug|Any CPU
		{4A8AFEF0-0D49-43C1-B907-08D54CB42A73}.Release|Any CPU.ActiveCfg = Release|Any CPU
		{4A8AFEF0-0D49-43C1-B907-08D54CB42A73}.Release|Any CPU.Build.0 = Release|Any CPU
	EndGlobalSection
	GlobalSection(SolutionProperties) = preSolution
		HideSolutionNode = FALSE
	EndGlobalSection
	GlobalSection(ExtensibilityGlobals) = postSolution
		SolutionGuid = {1864BD75-A965-4586-9B0D-3692894EF9D9}
	EndGlobalSection
EndGlobal
